
Microsoft Visual Studio Solution File, Format Version 12.00
# Visual Studio Version 17
VisualStudioVersion = 17.4.33213.308
MinimumVisualStudioVersion = 10.0.40219.1
Project("{FAE04EC0-301F-11D3-BF4B-00C04F79EFBC}") = "Module7", "Module7\Module7.csproj", "{5C90E81F-0608-4060-BDFD-D9DB33F1EE18}"
EndProject
Project("{FAE04EC0-301F-11D3-BF4B-00C04F79EFBC}") = "FinalProject", "FinalProject\FinalProject.csproj", "{581C4E77-0EE0-48AE-88AE-A368669BFFCB}"
EndProject
Global
	GlobalSection(SolutionConfigurationPlatforms) = preSolution
		Debug|Any CPU = Debug|Any CPU
		Release|Any CPU = Release|Any CPU
	EndGlobalSection
	GlobalSection(ProjectConfigurationPlatforms) = postSolution
		{5C90E81F-0608-4060-BDFD-D9DB33F1EE18}.Debug|Any CPU.ActiveCfg = Debug|Any CPU
		{5C90E81F-0608-4060-BDFD-D9DB33F1EE18}.Debug|Any CPU.Build.0 = Debug|Any CPU
		{5C90E81F-0608-4060-BDFD-D9DB33F1EE18}.Release|Any CPU.ActiveCfg = Release|Any CPU
		{5C90E81F-0608-4060-BDFD-D9DB33F1EE18}.Release|Any CPU.Build.0 = Release|Any CPU
		{581C4E77-0EE0-48AE-88AE-A368669BFFCB}.Debug|Any CPU.ActiveCfg = Debug|Any CPU
		{581C4E77-0EE0-48AE-88AE-A368669BFFCB}.Debug|Any CPU.Build.0 = Debug|Any CPU
		{581C4E77-0EE0-48AE-88AE-A368669BFFCB}.Release|Any CPU.ActiveCfg = Release|Any CPU
		{581C4E77-0EE0-48AE-88AE-A368669BFFCB}.Release|Any CPU.Build.0 = Release|Any CPU
	EndGlobalSection
	GlobalSection(SolutionProperties) = preSolution
		HideSolutionNode = FALSE
	EndGlobalSection
	GlobalSection(ExtensibilityGlobals) = postSolution
		SolutionGuid = {83435896-77A6-452F-82DE-F8E1C04BFA9B}
	EndGlobalSection
EndGlobal
